
Microsoft Visual Studio Solution File, Format Version 12.00
# Visual Studio Version 17
VisualStudioVersion = 17.14.36301.6 d17.14
MinimumVisualStudioVersion = 10.0.40219.1
Project("{FAE04EC0-301F-11D3-BF4B-00C04F79EFBC}") = "FileSystem", "FileSystem.csproj", "{06CB0AF4-BF23-44F1-B473-1529269E9C6E}"
EndProject
Global
	GlobalSection(SolutionConfigurationPlatforms) = preSolution
		Debug|Any CPU = Debug|Any CPU
		Release|Any CPU = Release|Any CPU
	EndGlobalSection
	GlobalSection(ProjectConfigurationPlatforms) = postSolution
		{06CB0AF4-BF23-44F1-B473-1529269E9C6E}.Debug|Any CPU.ActiveCfg = Debug|Any CPU
		{06CB0AF4-BF23-44F1-B473-1529269E9C6E}.Debug|Any CPU.Build.0 = Debug|Any CPU
		{06CB0AF4-BF23-44F1-B473-1529269E9C6E}.Release|Any CPU.ActiveCfg = Release|Any CPU
		{06CB0AF4-BF23-44F1-B473-1529269E9C6E}.Release|Any CPU.Build.0 = Release|Any CPU
	EndGlobalSection
	GlobalSection(SolutionProperties) = preSolution
		HideSolutionNode = FALSE
	EndGlobalSection
	GlobalSection(ExtensibilityGlobals) = postSolution
		SolutionGuid = {C1C0BA6C-2F8B-4D98-BF22-4CE8C8047EE2}
	EndGlobalSection
EndGlobal
